
Microsoft Visual Studio Solution File, Format Version 12.00
# Visual Studio Version 17
VisualStudioVersion = 17.13.35825.156
MinimumVisualStudioVersion = 10.0.40219.1
Project("{FAE04EC0-301F-11D3-BF4B-00C04F79EFBC}") = "PlaySyncApi", "PlaySync\PlaySyncApi.csproj", "{D4474FC1-5F42-44AB-A3C3-949384B04C02}"
	ProjectSection(ProjectDependencies) = postProject
		{A4879EF9-111D-41A8-AE59-3C7E34BF7AD4} = {A4879EF9-111D-41A8-AE59-3C7E34BF7AD4}
	EndProjectSection
EndProject
Project("{FAE04EC0-301F-11D3-BF4B-00C04F79EFBC}") = "DL", "DL\DL.csproj", "{1E513297-8F84-40F1-A6D2-30EAE0027057}"
EndProject
Project("{FAE04EC0-301F-11D3-BF4B-00C04F79EFBC}") = "BL", "BL\BL.csproj", "{A4879EF9-111D-41A8-AE59-3C7E34BF7AD4}"
	ProjectSection(ProjectDependencies) = postProject
		{1E513297-8F84-40F1-A6D2-30EAE0027057} = {1E513297-8F84-40F1-A6D2-30EAE0027057}
	EndProjectSection
EndProject
Global
	GlobalSection(SolutionConfigurationPlatforms) = preSolution
		Debug|Any CPU = Debug|Any CPU
		Release|Any CPU = Release|Any CPU
	EndGlobalSection
	GlobalSection(ProjectConfigurationPlatforms) = postSolution
		{D4474FC1-5F42-44AB-A3C3-949384B04C02}.Debug|Any CPU.ActiveCfg = Debug|Any CPU
		{D4474FC1-5F42-44AB-A3C3-949384B04C02}.Debug|Any CPU.Build.0 = Debug|Any CPU
		{D4474FC1-5F42-44AB-A3C3-949384B04C02}.Release|Any CPU.ActiveCfg = Release|Any CPU
		{D4474FC1-5F42-44AB-A3C3-949384B04C02}.Release|Any CPU.Build.0 = Release|Any CPU
		{1E513297-8F84-40F1-A6D2-30EAE0027057}.Debug|Any CPU.ActiveCfg = Debug|Any CPU
		{1E513297-8F84-40F1-A6D2-30EAE0027057}.Debug|Any CPU.Build.0 = Debug|Any CPU
		{1E513297-8F84-40F1-A6D2-30EAE0027057}.Release|Any CPU.ActiveCfg = Release|Any CPU
		{1E513297-8F84-40F1-A6D2-30EAE0027057}.Release|Any CPU.Build.0 = Release|Any CPU
		{A4879EF9-111D-41A8-AE59-3C7E34BF7AD4}.Debug|Any CPU.ActiveCfg = Debug|Any CPU
		{A4879EF9-111D-41A8-AE59-3C7E34BF7AD4}.Debug|Any CPU.Build.0 = Debug|Any CPU
		{A4879EF9-111D-41A8-AE59-3C7E34BF7AD4}.Release|Any CPU.ActiveCfg = Release|Any CPU
		{A4879EF9-111D-41A8-AE59-3C7E34BF7AD4}.Release|Any CPU.Build.0 = Release|Any CPU
	EndGlobalSection
	GlobalSection(SolutionProperties) = preSolution
		HideSolutionNode = FALSE
	EndGlobalSection
	GlobalSection(ExtensibilityGlobals) = postSolution
		SolutionGuid = {DB0A2B15-371F-4982-BC08-63C5DCC07E54}
	EndGlobalSection
EndGlobal
